
Microsoft Visual Studio Solution File, Format Version 12.00
# Visual Studio Version 16
VisualStudioVersion = 16.0.30105.148
MinimumVisualStudioVersion = 10.0.40219.1
Project("{FAE04EC0-301F-11D3-BF4B-00C04F79EFBC}") = "TEST.Server", "TEST\Server\TEST.Server.csproj", "{2C79EBAC-49E8-4241-A130-F851374BB999}"
EndProject
Project("{FAE04EC0-301F-11D3-BF4B-00C04F79EFBC}") = "TEST.Client", "TEST\Client\TEST.Client.csproj", "{FAEE9D4B-3FAE-44BC-94DC-143BB10804B5}"
EndProject
Project("{FAE04EC0-301F-11D3-BF4B-00C04F79EFBC}") = "TEST.Shared", "TEST\Shared\TEST.Shared.csproj", "{0C3E8306-5E41-4E54-B976-196607C0E239}"
EndProject
Global
	GlobalSection(SolutionConfigurationPlatforms) = preSolution
		Debug|Any CPU = Debug|Any CPU
		Release|Any CPU = Release|Any CPU
	EndGlobalSection
	GlobalSection(ProjectConfigurationPlatforms) = postSolution
		{2C79EBAC-49E8-4241-A130-F851374BB999}.Debug|Any CPU.ActiveCfg = Debug|Any CPU
		{2C79EBAC-49E8-4241-A130-F851374BB999}.Debug|Any CPU.Build.0 = Debug|Any CPU
		{2C79EBAC-49E8-4241-A130-F851374BB999}.Release|Any CPU.ActiveCfg = Release|Any CPU
		{2C79EBAC-49E8-4241-A130-F851374BB999}.Release|Any CPU.Build.0 = Release|Any CPU
		{FAEE9D4B-3FAE-44BC-94DC-143BB10804B5}.Debug|Any CPU.ActiveCfg = Debug|Any CPU
		{FAEE9D4B-3FAE-44BC-94DC-143BB10804B5}.Debug|Any CPU.Build.0 = Debug|Any CPU
		{FAEE9D4B-3FAE-44BC-94DC-143BB10804B5}.Release|Any CPU.ActiveCfg = Release|Any CPU
		{FAEE9D4B-3FAE-44BC-94DC-143BB10804B5}.Release|Any CPU.Build.0 = Release|Any CPU
		{0C3E8306-5E41-4E54-B976-196607C0E239}.Debug|Any CPU.ActiveCfg = Debug|Any CPU
		{0C3E8306-5E41-4E54-B976-196607C0E239}.Debug|Any CPU.Build.0 = Debug|Any CPU
		{0C3E8306-5E41-4E54-B976-196607C0E239}.Release|Any CPU.ActiveCfg = Release|Any CPU
		{0C3E8306-5E41-4E54-B976-196607C0E239}.Release|Any CPU.Build.0 = Release|Any CPU
	EndGlobalSection
	GlobalSection(SolutionProperties) = preSolution
		HideSolutionNode = FALSE
	EndGlobalSection
	GlobalSection(ExtensibilityGlobals) = postSolution
		SolutionGuid = {3338828A-9BCB-4C4B-BEE4-863E9C9FD6F8}
	EndGlobalSection
EndGlobal
